
Microsoft Visual Studio Solution File, Format Version 12.00
# Visual Studio Version 17
VisualStudioVersion = 17.0.32014.148
MinimumVisualStudioVersion = 10.0.40219.1
Project("{9A19103F-16F7-4668-BE54-9A1E7A4F7556}") = "b7.Xabbo", "src\b7.Xabbo\b7.Xabbo.csproj", "{79999CB6-9241-456B-B34F-1CA0907FC102}"
EndProject
Project("{2150E333-8FDC-42A3-9474-1A3956D46DE8}") = "vs", "vs", "{2A1782FE-86A9-4A41-8CE2-27A9187B0DAC}"
	ProjectSection(SolutionItems) = preProject
		.editorconfig = .editorconfig
	EndProjectSection
EndProject
Global
	GlobalSection(SolutionConfigurationPlatforms) = preSolution
		Debug|Any CPU = Debug|Any CPU
		Release|Any CPU = Release|Any CPU
	EndGlobalSection
	GlobalSection(ProjectConfigurationPlatforms) = postSolution
		{79999CB6-9241-456B-B34F-1CA0907FC102}.Debug|Any CPU.ActiveCfg = Debug|Any CPU
		{79999CB6-9241-456B-B34F-1CA0907FC102}.Debug|Any CPU.Build.0 = Debug|Any CPU
		{79999CB6-9241-456B-B34F-1CA0907FC102}.Release|Any CPU.ActiveCfg = Release|Any CPU
		{79999CB6-9241-456B-B34F-1CA0907FC102}.Release|Any CPU.Build.0 = Release|Any CPU
	EndGlobalSection
	GlobalSection(SolutionProperties) = preSolution
		HideSolutionNode = FALSE
	EndGlobalSection
	GlobalSection(ExtensibilityGlobals) = postSolution
		SolutionGuid = {75AC1C17-09AE-4B3C-B1B2-45DA0AA72A2C}
	EndGlobalSection
EndGlobal
